
Microsoft Visual Studio Solution File, Format Version 12.00
# Visual Studio 2013
VisualStudioVersion = 12.0.30723.0
MinimumVisualStudioVersion = 10.0.40219.1
Project("{888888A0-9F3D-457C-B088-3A5042F75D52}") = "WEPPout", "WEPPout\WEPPout.pyproj", "{E939E23C-362D-4638-8E31-2C2F01385751}"
EndProject
Global
	GlobalSection(SolutionConfigurationPlatforms) = preSolution
		Debug|Any CPU = Debug|Any CPU
		Release|Any CPU = Release|Any CPU
	EndGlobalSection
	GlobalSection(ProjectConfigurationPlatforms) = postSolution
		{E939E23C-362D-4638-8E31-2C2F01385751}.Debug|Any CPU.ActiveCfg = Debug|Any CPU
		{E939E23C-362D-4638-8E31-2C2F01385751}.Debug|Any CPU.Build.0 = Debug|Any CPU
		{E939E23C-362D-4638-8E31-2C2F01385751}.Release|Any CPU.ActiveCfg = Release|Any CPU
		{E939E23C-362D-4638-8E31-2C2F01385751}.Release|Any CPU.Build.0 = Release|Any CPU
	EndGlobalSection
	GlobalSection(SolutionProperties) = preSolution
		HideSolutionNode = FALSE
	EndGlobalSection
EndGlobal
